
Microsoft Visual Studio Solution File, Format Version 12.00
# Visual Studio Version 17
VisualStudioVersion = 17.0.31717.71
MinimumVisualStudioVersion = 10.0.40219.1
Project("{9A19103F-16F7-4668-BE54-9A1E7A4F7556}") = "DocumentGenerator.Web", "DocumentGenerator.Web.csproj", "{8ECE249A-09FA-4404-AD85-E1BC97E0EF51}"
EndProject
Global
	GlobalSection(SolutionConfigurationPlatforms) = preSolution
		Debug|Any CPU = Debug|Any CPU
		Release|Any CPU = Release|Any CPU
	EndGlobalSection
	GlobalSection(ProjectConfigurationPlatforms) = postSolution
		{8ECE249A-09FA-4404-AD85-E1BC97E0EF51}.Debug|Any CPU.ActiveCfg = Debug|Any CPU
		{8ECE249A-09FA-4404-AD85-E1BC97E0EF51}.Debug|Any CPU.Build.0 = Debug|Any CPU
		{8ECE249A-09FA-4404-AD85-E1BC97E0EF51}.Release|Any CPU.ActiveCfg = Release|Any CPU
		{8ECE249A-09FA-4404-AD85-E1BC97E0EF51}.Release|Any CPU.Build.0 = Release|Any CPU
	EndGlobalSection
	GlobalSection(SolutionProperties) = preSolution
		HideSolutionNode = FALSE
	EndGlobalSection
	GlobalSection(ExtensibilityGlobals) = postSolution
		SolutionGuid = {CFB38DC2-D42D-4FB1-9BB2-E282E0A570E7}
	EndGlobalSection
EndGlobal